
Microsoft Visual Studio Solution File, Format Version 12.00
# Visual Studio Version 16
VisualStudioVersion = 16.0.30804.86
MinimumVisualStudioVersion = 10.0.40219.1
Project("{FAE04EC0-301F-11D3-BF4B-00C04F79EFBC}") = "BlackjackLight", "BlackjackLight\BlackjackLight.csproj", "{92DD1206-7137-4CAC-BB0B-CAC2B1C6AB88}"
EndProject
Global
	GlobalSection(SolutionConfigurationPlatforms) = preSolution
		Debug|Any CPU = Debug|Any CPU
		Release|Any CPU = Release|Any CPU
	EndGlobalSection
	GlobalSection(ProjectConfigurationPlatforms) = postSolution
		{92DD1206-7137-4CAC-BB0B-CAC2B1C6AB88}.Debug|Any CPU.ActiveCfg = Debug|Any CPU
		{92DD1206-7137-4CAC-BB0B-CAC2B1C6AB88}.Debug|Any CPU.Build.0 = Debug|Any CPU
		{92DD1206-7137-4CAC-BB0B-CAC2B1C6AB88}.Release|Any CPU.ActiveCfg = Release|Any CPU
		{92DD1206-7137-4CAC-BB0B-CAC2B1C6AB88}.Release|Any CPU.Build.0 = Release|Any CPU
	EndGlobalSection
	GlobalSection(SolutionProperties) = preSolution
		HideSolutionNode = FALSE
	EndGlobalSection
	GlobalSection(ExtensibilityGlobals) = postSolution
		SolutionGuid = {50530ECD-9443-4323-83CD-EA104A0B4F66}
	EndGlobalSection
EndGlobal
